
Microsoft Visual Studio Solution File, Format Version 12.00
# Visual Studio 15
VisualStudioVersion = 15.0.27130.2020
MinimumVisualStudioVersion = 10.0.40219.1
Project("{8BC9CEB8-8B4A-11D0-8D11-00A0C91BC942}") = "MapConverter", "MapConverter\MapConverter.vcxproj", "{A8F8A5C2-1551-4FBE-BCC1-4AD7B72B7908}"
EndProject
Project("{8BC9CEB8-8B4A-11D0-8D11-00A0C91BC942}") = "FlicLib", "3rdParty\FlicLib\FlicLib.vcxproj", "{3EB58906-DAB4-4CD0-BF87-8F1CD55F9163}"
EndProject
Project("{8BC9CEB8-8B4A-11D0-8D11-00A0C91BC942}") = "LoadPNGLib", "3rdParty\LoadPNGLib\LoadPNGLib.vcxproj", "{FBFBDF81-D7A3-4FE9-A187-9D994ACAF970}"
EndProject
Project("{2150E333-8FDC-42A3-9474-1A3956D46DE8}") = "3rdParty Libraries", "3rdParty Libraries", "{11A8232C-DF4C-43D9-9984-D19FC08A3496}"
EndProject
Project("{8BC9CEB8-8B4A-11D0-8D11-00A0C91BC942}") = "KAOSCommon", "KAOSCommon\KAOSCommon.vcxproj", "{7A96B75B-5AC1-41BF-BE65-4F99CA67BB2A}"
EndProject
Project("{8BC9CEB8-8B4A-11D0-8D11-00A0C91BC942}") = "PugiXML", "3rdParty\PugiXML\PugiXML.vcxproj", "{6C53A1F6-CDB5-4339-83F2-5AB7F50E4D86}"
EndProject
Project("{8BC9CEB8-8B4A-11D0-8D11-00A0C91BC942}") = "TiledLib", "TiledLib\TiledLib.vcxproj", "{9BE83644-31D0-4D87-AC06-38A7830855D1}"
EndProject
Project("{8BC9CEB8-8B4A-11D0-8D11-00A0C91BC942}") = "SpriteConverter", "SpriteConverter\SpriteConverter.vcxproj", "{A2378C61-AE4B-4688-96F1-080B0D1B2F1F}"
EndProject
Global
	GlobalSection(SolutionConfigurationPlatforms) = preSolution
		Debug|x64 = Debug|x64
		Debug|x86 = Debug|x86
		Release|x64 = Release|x64
		Release|x86 = Release|x86
	EndGlobalSection
	GlobalSection(ProjectConfigurationPlatforms) = postSolution
		{A8F8A5C2-1551-4FBE-BCC1-4AD7B72B7908}.Debug|x64.ActiveCfg = Debug|x64
		{A8F8A5C2-1551-4FBE-BCC1-4AD7B72B7908}.Debug|x64.Build.0 = Debug|x64
		{A8F8A5C2-1551-4FBE-BCC1-4AD7B72B7908}.Debug|x86.ActiveCfg = Debug|Win32
		{A8F8A5C2-1551-4FBE-BCC1-4AD7B72B7908}.Debug|x86.Build.0 = Debug|Win32
		{A8F8A5C2-1551-4FBE-BCC1-4AD7B72B7908}.Release|x64.ActiveCfg = Release|x64
		{A8F8A5C2-1551-4FBE-BCC1-4AD7B72B7908}.Release|x64.Build.0 = Release|x64
		{A8F8A5C2-1551-4FBE-BCC1-4AD7B72B7908}.Release|x86.ActiveCfg = Release|Win32
		{A8F8A5C2-1551-4FBE-BCC1-4AD7B72B7908}.Release|x86.Build.0 = Release|Win32
		{3EB58906-DAB4-4CD0-BF87-8F1CD55F9163}.Debug|x64.ActiveCfg = Debug|x64
		{3EB58906-DAB4-4CD0-BF87-8F1CD55F9163}.Debug|x64.Build.0 = Debug|x64
		{3EB58906-DAB4-4CD0-BF87-8F1CD55F9163}.Debug|x86.ActiveCfg = Debug|Win32
		{3EB58906-DAB4-4CD0-BF87-8F1CD55F9163}.Debug|x86.Build.0 = Debug|Win32
		{3EB58906-DAB4-4CD0-BF87-8F1CD55F9163}.Release|x64.ActiveCfg = Release|x64
		{3EB58906-DAB4-4CD0-BF87-8F1CD55F9163}.Release|x64.Build.0 = Release|x64
		{3EB58906-DAB4-4CD0-BF87-8F1CD55F9163}.Release|x86.ActiveCfg = Release|Win32
		{3EB58906-DAB4-4CD0-BF87-8F1CD55F9163}.Release|x86.Build.0 = Release|Win32
		{FBFBDF81-D7A3-4FE9-A187-9D994ACAF970}.Debug|x64.ActiveCfg = Debug|x64
		{FBFBDF81-D7A3-4FE9-A187-9D994ACAF970}.Debug|x64.Build.0 = Debug|x64
		{FBFBDF81-D7A3-4FE9-A187-9D994ACAF970}.Debug|x86.ActiveCfg = Debug|Win32
		{FBFBDF81-D7A3-4FE9-A187-9D994ACAF970}.Debug|x86.Build.0 = Debug|Win32
		{FBFBDF81-D7A3-4FE9-A187-9D994ACAF970}.Release|x64.ActiveCfg = Release|x64
		{FBFBDF81-D7A3-4FE9-A187-9D994ACAF970}.Release|x64.Build.0 = Release|x64
		{FBFBDF81-D7A3-4FE9-A187-9D994ACAF970}.Release|x86.ActiveCfg = Release|Win32
		{FBFBDF81-D7A3-4FE9-A187-9D994ACAF970}.Release|x86.Build.0 = Release|Win32
		{7A96B75B-5AC1-41BF-BE65-4F99CA67BB2A}.Debug|x64.ActiveCfg = Debug|x64
		{7A96B75B-5AC1-41BF-BE65-4F99CA67BB2A}.Debug|x64.Build.0 = Debug|x64
		{7A96B75B-5AC1-41BF-BE65-4F99CA67BB2A}.Debug|x86.ActiveCfg = Debug|Win32
		{7A96B75B-5AC1-41BF-BE65-4F99CA67BB2A}.Debug|x86.Build.0 = Debug|Win32
		{7A96B75B-5AC1-41BF-BE65-4F99CA67BB2A}.Release|x64.ActiveCfg = Release|x64
		{7A96B75B-5AC1-41BF-BE65-4F99CA67BB2A}.Release|x64.Build.0 = Release|x64
		{7A96B75B-5AC1-41BF-BE65-4F99CA67BB2A}.Release|x86.ActiveCfg = Release|Win32
		{7A96B75B-5AC1-41BF-BE65-4F99CA67BB2A}.Release|x86.Build.0 = Release|Win32
		{6C53A1F6-CDB5-4339-83F2-5AB7F50E4D86}.Debug|x64.ActiveCfg = Debug|x64
		{6C53A1F6-CDB5-4339-83F2-5AB7F50E4D86}.Debug|x64.Build.0 = Debug|x64
		{6C53A1F6-CDB5-4339-83F2-5AB7F50E4D86}.Debug|x86.ActiveCfg = Debug|Win32
		{6C53A1F6-CDB5-4339-83F2-5AB7F50E4D86}.Debug|x86.Build.0 = Debug|Win32
		{6C53A1F6-CDB5-4339-83F2-5AB7F50E4D86}.Release|x64.ActiveCfg = Release|x64
		{6C53A1F6-CDB5-4339-83F2-5AB7F50E4D86}.Release|x64.Build.0 = Release|x64
		{6C53A1F6-CDB5-4339-83F2-5AB7F50E4D86}.Release|x86.ActiveCfg = Release|Win32
		{6C53A1F6-CDB5-4339-83F2-5AB7F50E4D86}.Release|x86.Build.0 = Release|Win32
		{9BE83644-31D0-4D87-AC06-38A7830855D1}.Debug|x64.ActiveCfg = Debug|x64
		{9BE83644-31D0-4D87-AC06-38A7830855D1}.Debug|x64.Build.0 = Debug|x64
		{9BE83644-31D0-4D87-AC06-38A7830855D1}.Debug|x86.ActiveCfg = Debug|Win32
		{9BE83644-31D0-4D87-AC06-38A7830855D1}.Debug|x86.Build.0 = Debug|Win32
		{9BE83644-31D0-4D87-AC06-38A7830855D1}.Release|x64.ActiveCfg = Release|x64
		{9BE83644-31D0-4D87-AC06-38A7830855D1}.Release|x64.Build.0 = Release|x64
		{9BE83644-31D0-4D87-AC06-38A7830855D1}.Release|x86.ActiveCfg = Release|Win32
		{9BE83644-31D0-4D87-AC06-38A7830855D1}.Release|x86.Build.0 = Release|Win32
		{A2378C61-AE4B-4688-96F1-080B0D1B2F1F}.Debug|x64.ActiveCfg = Debug|x64
		{A2378C61-AE4B-4688-96F1-080B0D1B2F1F}.Debug|x64.Build.0 = Debug|x64
		{A2378C61-AE4B-4688-96F1-080B0D1B2F1F}.Debug|x86.ActiveCfg = Debug|Win32
		{A2378C61-AE4B-4688-96F1-080B0D1B2F1F}.Debug|x86.Build.0 = Debug|Win32
		{A2378C61-AE4B-4688-96F1-080B0D1B2F1F}.Release|x64.ActiveCfg = Release|x64
		{A2378C61-AE4B-4688-96F1-080B0D1B2F1F}.Release|x64.Build.0 = Release|x64
		{A2378C61-AE4B-4688-96F1-080B0D1B2F1F}.Release|x86.ActiveCfg = Release|Win32
		{A2378C61-AE4B-4688-96F1-080B0D1B2F1F}.Release|x86.Build.0 = Release|Win32
	EndGlobalSection
	GlobalSection(SolutionProperties) = preSolution
		HideSolutionNode = FALSE
	EndGlobalSection
	GlobalSection(NestedProjects) = preSolution
		{3EB58906-DAB4-4CD0-BF87-8F1CD55F9163} = {11A8232C-DF4C-43D9-9984-D19FC08A3496}
		{FBFBDF81-D7A3-4FE9-A187-9D994ACAF970} = {11A8232C-DF4C-43D9-9984-D19FC08A3496}
		{6C53A1F6-CDB5-4339-83F2-5AB7F50E4D86} = {11A8232C-DF4C-43D9-9984-D19FC08A3496}
	EndGlobalSection
	GlobalSection(ExtensibilityGlobals) = postSolution
		SolutionGuid = {8D047CAA-ED50-4F89-8C5D-C09026C6CB7E}
	EndGlobalSection
EndGlobal
