<?xml version="1.0" encoding="utf-8"?>
<Project ToolsVersion="4.0" xmlns="http://schemas.microsoft.com/developer/msbuild/2003">
  <ItemGroup>
    <Filter Include="Source Files">
      <UniqueIdentifier>{4FC737F1-C7A5-4376-A066-2A32D752A2FF}</UniqueIdentifier>
      <Extensions>cpp;c;cc;cxx;def;odl;idl;hpj;bat;asm;asmx</Extensions>
    </Filter>
    <Filter Include="Header Files">
      <UniqueIdentifier>{93995380-89BD-4b04-88EB-625FBE52EBFB}</UniqueIdentifier>
      <Extensions>h;hh;hpp;hxx;hm;inl;inc;xsd</Extensions>
    </Filter>
    <Filter Include="Header Files\Common">
      <UniqueIdentifier>{65a3d63e-d815-4e80-b827-44983c9a158f}</UniqueIdentifier>
    </Filter>
    <Filter Include="Header Files\Imaging">
      <UniqueIdentifier>{f72a1e3e-a2c1-4fcf-94c3-b35861a77ab4}</UniqueIdentifier>
    </Filter>
  </ItemGroup>
  <ItemGroup>
    <ClCompile Include="src\Utilities.cpp">
      <Filter>Source Files</Filter>
    </ClCompile>
    <ClCompile Include="src\Palette.cpp">
      <Filter>Source Files</Filter>
    </ClCompile>
    <ClCompile Include="src\Color.cpp">
      <Filter>Source Files</Filter>
    </ClCompile>
    <ClCompile Include="src\ImageUtils.cpp">
      <Filter>Source Files</Filter>
    </ClCompile>
    <ClCompile Include="src\Image.cpp">
      <Filter>Source Files</Filter>
    </ClCompile>
    <ClCompile Include="src\Property.cpp">
      <Filter>Source Files</Filter>
    </ClCompile>
    <ClCompile Include="src\NativeProperty.cpp">
      <Filter>Source Files</Filter>
    </ClCompile>
    <ClCompile Include="src\Logging.cpp">
      <Filter>Source Files</Filter>
    </ClCompile>
    <ClCompile Include="src\EventConsole.cpp">
      <Filter>Source Files</Filter>
    </ClCompile>
  </ItemGroup>
  <ItemGroup>
    <ClInclude Include="include\KAOS\Common\Utilities.h">
      <Filter>Header Files\Common</Filter>
    </ClInclude>
    <ClInclude Include="include\KAOS\Imaging\Color.h">
      <Filter>Header Files\Imaging</Filter>
    </ClInclude>
    <ClInclude Include="include\KAOS\Imaging\Palette.h">
      <Filter>Header Files\Imaging</Filter>
    </ClInclude>
    <ClInclude Include="include\KAOS\Imaging\ImageUtils.h">
      <Filter>Header Files\Imaging</Filter>
    </ClInclude>
    <ClInclude Include="include\KAOS\Imaging\Image.h">
      <Filter>Header Files\Imaging</Filter>
    </ClInclude>
    <ClInclude Include="include\KAOS\Common\Property.h">
      <Filter>Header Files\Common</Filter>
    </ClInclude>
    <ClInclude Include="include\KAOS\Common\NativeProperty.h">
      <Filter>Header Files\Common</Filter>
    </ClInclude>
    <ClInclude Include="include\KAOS\Common\Logging.h">
      <Filter>Header Files\Common</Filter>
    </ClInclude>
    <ClInclude Include="include\KAOS\Common\EventConsole.h">
      <Filter>Header Files\Common</Filter>
    </ClInclude>
  </ItemGroup>
</Project>